
Microsoft Visual Studio Solution File, Format Version 12.00
# Visual Studio Version 16
VisualStudioVersion = 16.0.30413.136
MinimumVisualStudioVersion = 10.0.40219.1
Project("{FAE04EC0-301F-11D3-BF4B-00C04F79EFBC}") = "D3", "D3.csproj", "{179AB941-25E2-40F0-B1A6-28A48A871FAC}"
EndProject
Global
	GlobalSection(SolutionConfigurationPlatforms) = preSolution
		Debug|Any CPU = Debug|Any CPU
		Release|Any CPU = Release|Any CPU
	EndGlobalSection
	GlobalSection(ProjectConfigurationPlatforms) = postSolution
		{179AB941-25E2-40F0-B1A6-28A48A871FAC}.Debug|Any CPU.ActiveCfg = Debug|Any CPU
		{179AB941-25E2-40F0-B1A6-28A48A871FAC}.Debug|Any CPU.Build.0 = Debug|Any CPU
		{179AB941-25E2-40F0-B1A6-28A48A871FAC}.Release|Any CPU.ActiveCfg = Release|Any CPU
		{179AB941-25E2-40F0-B1A6-28A48A871FAC}.Release|Any CPU.Build.0 = Release|Any CPU
	EndGlobalSection
	GlobalSection(SolutionProperties) = preSolution
		HideSolutionNode = FALSE
	EndGlobalSection
	GlobalSection(ExtensibilityGlobals) = postSolution
		SolutionGuid = {C2153EBD-2946-45AA-B8CE-404362429789}
	EndGlobalSection
EndGlobal
